
Microsoft Visual Studio Solution File, Format Version 12.00
# Visual Studio 2012
Project("{8BC9CEB8-8B4A-11D0-8D11-00A0C91BC942}") = "9_2", "9_2\9_2.vcxproj", "{F2671503-84F3-42C5-B09A-6001713AE10B}"
EndProject
Project("{8BC9CEB8-8B4A-11D0-8D11-00A0C91BC942}") = "9_4", "9_4\9_4.vcxproj", "{9A6DB3A5-3AD5-4072-9927-8F88BF8B9E82}"
EndProject
Project("{8BC9CEB8-8B4A-11D0-8D11-00A0C91BC942}") = "9_5", "9_5\9_5.vcxproj", "{8C0A094E-411B-4AAF-986E-944555AF126C}"
EndProject
Project("{8BC9CEB8-8B4A-11D0-8D11-00A0C91BC942}") = "9_11", "9_11\9_11.vcxproj", "{A909264E-6754-41EF-885D-025AE0FC0932}"
EndProject
Project("{8BC9CEB8-8B4A-11D0-8D11-00A0C91BC942}") = "9_13", "9_13\9_13.vcxproj", "{3A358A33-98FE-465D-A829-0E7B495E58AD}"
EndProject
Project("{8BC9CEB8-8B4A-11D0-8D11-00A0C91BC942}") = "9_14", "9_14\9_14.vcxproj", "{FAEF1C9F-9923-4359-AD97-F20CFFA97D04}"
EndProject
Project("{8BC9CEB8-8B4A-11D0-8D11-00A0C91BC942}") = "9_15", "9_15\9_15.vcxproj", "{EF245209-9DBE-42E6-8572-6ADDE7A2D00D}"
EndProject
Project("{8BC9CEB8-8B4A-11D0-8D11-00A0C91BC942}") = "9_18", "9_18\9_18.vcxproj", "{5B454D50-A1E5-427E-93E3-A10A9DDCC0D2}"
EndProject
Project("{8BC9CEB8-8B4A-11D0-8D11-00A0C91BC942}") = "9_19", "9_19\9_19.vcxproj", "{BD594D30-4B39-4854-894D-36E378E56D68}"
EndProject
Project("{8BC9CEB8-8B4A-11D0-8D11-00A0C91BC942}") = "9_20", "9_20\9_20.vcxproj", "{DA1AEE1A-A34B-4ADF-ACBB-A6C260FB025E}"
EndProject
Project("{8BC9CEB8-8B4A-11D0-8D11-00A0C91BC942}") = "9_21", "9_21\9_21.vcxproj", "{28001A17-E79C-4BA8-9710-C1613E09EB19}"
EndProject
Project("{8BC9CEB8-8B4A-11D0-8D11-00A0C91BC942}") = "9_24", "9_24\9_24.vcxproj", "{1C5C7551-B980-4377-90C6-ADA28BCDED8F}"
EndProject
Project("{8BC9CEB8-8B4A-11D0-8D11-00A0C91BC942}") = "9_26", "9_26\9_26.vcxproj", "{073B98D1-FC01-4F84-8A5E-22B3D52C6F6F}"
EndProject
Project("{8BC9CEB8-8B4A-11D0-8D11-00A0C91BC942}") = "9_27", "9_27\9_27.vcxproj", "{55FFF20D-7866-4F38-8FA5-37B19A91C028}"
EndProject
Project("{8BC9CEB8-8B4A-11D0-8D11-00A0C91BC942}") = "9_28", "9_28\9_28.vcxproj", "{B32F3C77-6FBE-4494-AE74-2EAC74DB7F33}"
EndProject
Project("{8BC9CEB8-8B4A-11D0-8D11-00A0C91BC942}") = "9_37", "9_37\9_37.vcxproj", "{130F6752-D022-4897-B4E2-3ACF24B5E548}"
EndProject
Project("{8BC9CEB8-8B4A-11D0-8D11-00A0C91BC942}") = "9_41", "9_41\9_41.vcxproj", "{D8781983-82B3-4A85-8EEE-660A3C6DAC65}"
EndProject
Project("{8BC9CEB8-8B4A-11D0-8D11-00A0C91BC942}") = "9_43", "9_43\9_43.vcxproj", "{4A67914A-2522-4DD9-969E-C1446E6BF057}"
EndProject
Project("{8BC9CEB8-8B4A-11D0-8D11-00A0C91BC942}") = "9_47", "9_47\9_47.vcxproj", "{AD2CF155-7B5E-40CE-BD45-7E95CD5B8E44}"
EndProject
Project("{8BC9CEB8-8B4A-11D0-8D11-00A0C91BC942}") = "9_50", "9_50\9_50.vcxproj", "{8AC7DB00-CA42-4C05-AB4B-53B3B4EC76D9}"
EndProject
Project("{8BC9CEB8-8B4A-11D0-8D11-00A0C91BC942}") = "9_51", "9_51\9_51.vcxproj", "{700722AA-61F7-4211-816B-48C32A9B8DD6}"
EndProject
Global
	GlobalSection(SolutionConfigurationPlatforms) = preSolution
		Debug|Win32 = Debug|Win32
		Release|Win32 = Release|Win32
	EndGlobalSection
	GlobalSection(ProjectConfigurationPlatforms) = postSolution
		{F2671503-84F3-42C5-B09A-6001713AE10B}.Debug|Win32.ActiveCfg = Debug|Win32
		{F2671503-84F3-42C5-B09A-6001713AE10B}.Debug|Win32.Build.0 = Debug|Win32
		{F2671503-84F3-42C5-B09A-6001713AE10B}.Release|Win32.ActiveCfg = Release|Win32
		{F2671503-84F3-42C5-B09A-6001713AE10B}.Release|Win32.Build.0 = Release|Win32
		{9A6DB3A5-3AD5-4072-9927-8F88BF8B9E82}.Debug|Win32.ActiveCfg = Debug|Win32
		{9A6DB3A5-3AD5-4072-9927-8F88BF8B9E82}.Debug|Win32.Build.0 = Debug|Win32
		{9A6DB3A5-3AD5-4072-9927-8F88BF8B9E82}.Release|Win32.ActiveCfg = Release|Win32
		{9A6DB3A5-3AD5-4072-9927-8F88BF8B9E82}.Release|Win32.Build.0 = Release|Win32
		{8C0A094E-411B-4AAF-986E-944555AF126C}.Debug|Win32.ActiveCfg = Debug|Win32
		{8C0A094E-411B-4AAF-986E-944555AF126C}.Debug|Win32.Build.0 = Debug|Win32
		{8C0A094E-411B-4AAF-986E-944555AF126C}.Release|Win32.ActiveCfg = Release|Win32
		{8C0A094E-411B-4AAF-986E-944555AF126C}.Release|Win32.Build.0 = Release|Win32
		{A909264E-6754-41EF-885D-025AE0FC0932}.Debug|Win32.ActiveCfg = Debug|Win32
		{A909264E-6754-41EF-885D-025AE0FC0932}.Debug|Win32.Build.0 = Debug|Win32
		{A909264E-6754-41EF-885D-025AE0FC0932}.Release|Win32.ActiveCfg = Release|Win32
		{A909264E-6754-41EF-885D-025AE0FC0932}.Release|Win32.Build.0 = Release|Win32
		{3A358A33-98FE-465D-A829-0E7B495E58AD}.Debug|Win32.ActiveCfg = Debug|Win32
		{3A358A33-98FE-465D-A829-0E7B495E58AD}.Debug|Win32.Build.0 = Debug|Win32
		{3A358A33-98FE-465D-A829-0E7B495E58AD}.Release|Win32.ActiveCfg = Release|Win32
		{3A358A33-98FE-465D-A829-0E7B495E58AD}.Release|Win32.Build.0 = Release|Win32
		{FAEF1C9F-9923-4359-AD97-F20CFFA97D04}.Debug|Win32.ActiveCfg = Debug|Win32
		{FAEF1C9F-9923-4359-AD97-F20CFFA97D04}.Debug|Win32.Build.0 = Debug|Win32
		{FAEF1C9F-9923-4359-AD97-F20CFFA97D04}.Release|Win32.ActiveCfg = Release|Win32
		{FAEF1C9F-9923-4359-AD97-F20CFFA97D04}.Release|Win32.Build.0 = Release|Win32
		{EF245209-9DBE-42E6-8572-6ADDE7A2D00D}.Debug|Win32.ActiveCfg = Debug|Win32
		{EF245209-9DBE-42E6-8572-6ADDE7A2D00D}.Debug|Win32.Build.0 = Debug|Win32
		{EF245209-9DBE-42E6-8572-6ADDE7A2D00D}.Release|Win32.ActiveCfg = Release|Win32
		{EF245209-9DBE-42E6-8572-6ADDE7A2D00D}.Release|Win32.Build.0 = Release|Win32
		{5B454D50-A1E5-427E-93E3-A10A9DDCC0D2}.Debug|Win32.ActiveCfg = Debug|Win32
		{5B454D50-A1E5-427E-93E3-A10A9DDCC0D2}.Debug|Win32.Build.0 = Debug|Win32
		{5B454D50-A1E5-427E-93E3-A10A9DDCC0D2}.Release|Win32.ActiveCfg = Release|Win32
		{5B454D50-A1E5-427E-93E3-A10A9DDCC0D2}.Release|Win32.Build.0 = Release|Win32
		{BD594D30-4B39-4854-894D-36E378E56D68}.Debug|Win32.ActiveCfg = Debug|Win32
		{BD594D30-4B39-4854-894D-36E378E56D68}.Debug|Win32.Build.0 = Debug|Win32
		{BD594D30-4B39-4854-894D-36E378E56D68}.Release|Win32.ActiveCfg = Release|Win32
		{BD594D30-4B39-4854-894D-36E378E56D68}.Release|Win32.Build.0 = Release|Win32
		{DA1AEE1A-A34B-4ADF-ACBB-A6C260FB025E}.Debug|Win32.ActiveCfg = Debug|Win32
		{DA1AEE1A-A34B-4ADF-ACBB-A6C260FB025E}.Debug|Win32.Build.0 = Debug|Win32
		{DA1AEE1A-A34B-4ADF-ACBB-A6C260FB025E}.Release|Win32.ActiveCfg = Release|Win32
		{DA1AEE1A-A34B-4ADF-ACBB-A6C260FB025E}.Release|Win32.Build.0 = Release|Win32
		{28001A17-E79C-4BA8-9710-C1613E09EB19}.Debug|Win32.ActiveCfg = Debug|Win32
		{28001A17-E79C-4BA8-9710-C1613E09EB19}.Debug|Win32.Build.0 = Debug|Win32
		{28001A17-E79C-4BA8-9710-C1613E09EB19}.Release|Win32.ActiveCfg = Release|Win32
		{28001A17-E79C-4BA8-9710-C1613E09EB19}.Release|Win32.Build.0 = Release|Win32
		{1C5C7551-B980-4377-90C6-ADA28BCDED8F}.Debug|Win32.ActiveCfg = Debug|Win32
		{1C5C7551-B980-4377-90C6-ADA28BCDED8F}.Debug|Win32.Build.0 = Debug|Win32
		{1C5C7551-B980-4377-90C6-ADA28BCDED8F}.Release|Win32.ActiveCfg = Release|Win32
		{1C5C7551-B980-4377-90C6-ADA28BCDED8F}.Release|Win32.Build.0 = Release|Win32
		{073B98D1-FC01-4F84-8A5E-22B3D52C6F6F}.Debug|Win32.ActiveCfg = Debug|Win32
		{073B98D1-FC01-4F84-8A5E-22B3D52C6F6F}.Debug|Win32.Build.0 = Debug|Win32
		{073B98D1-FC01-4F84-8A5E-22B3D52C6F6F}.Release|Win32.ActiveCfg = Release|Win32
		{073B98D1-FC01-4F84-8A5E-22B3D52C6F6F}.Release|Win32.Build.0 = Release|Win32
		{55FFF20D-7866-4F38-8FA5-37B19A91C028}.Debug|Win32.ActiveCfg = Debug|Win32
		{55FFF20D-7866-4F38-8FA5-37B19A91C028}.Debug|Win32.Build.0 = Debug|Win32
		{55FFF20D-7866-4F38-8FA5-37B19A91C028}.Release|Win32.ActiveCfg = Release|Win32
		{55FFF20D-7866-4F38-8FA5-37B19A91C028}.Release|Win32.Build.0 = Release|Win32
		{B32F3C77-6FBE-4494-AE74-2EAC74DB7F33}.Debug|Win32.ActiveCfg = Debug|Win32
		{B32F3C77-6FBE-4494-AE74-2EAC74DB7F33}.Debug|Win32.Build.0 = Debug|Win32
		{B32F3C77-6FBE-4494-AE74-2EAC74DB7F33}.Release|Win32.ActiveCfg = Release|Win32
		{B32F3C77-6FBE-4494-AE74-2EAC74DB7F33}.Release|Win32.Build.0 = Release|Win32
		{130F6752-D022-4897-B4E2-3ACF24B5E548}.Debug|Win32.ActiveCfg = Debug|Win32
		{130F6752-D022-4897-B4E2-3ACF24B5E548}.Debug|Win32.Build.0 = Debug|Win32
		{130F6752-D022-4897-B4E2-3ACF24B5E548}.Release|Win32.ActiveCfg = Release|Win32
		{130F6752-D022-4897-B4E2-3ACF24B5E548}.Release|Win32.Build.0 = Release|Win32
		{D8781983-82B3-4A85-8EEE-660A3C6DAC65}.Debug|Win32.ActiveCfg = Debug|Win32
		{D8781983-82B3-4A85-8EEE-660A3C6DAC65}.Debug|Win32.Build.0 = Debug|Win32
		{D8781983-82B3-4A85-8EEE-660A3C6DAC65}.Release|Win32.ActiveCfg = Release|Win32
		{D8781983-82B3-4A85-8EEE-660A3C6DAC65}.Release|Win32.Build.0 = Release|Win32
		{4A67914A-2522-4DD9-969E-C1446E6BF057}.Debug|Win32.ActiveCfg = Debug|Win32
		{4A67914A-2522-4DD9-969E-C1446E6BF057}.Debug|Win32.Build.0 = Debug|Win32
		{4A67914A-2522-4DD9-969E-C1446E6BF057}.Release|Win32.ActiveCfg = Release|Win32
		{4A67914A-2522-4DD9-969E-C1446E6BF057}.Release|Win32.Build.0 = Release|Win32
		{AD2CF155-7B5E-40CE-BD45-7E95CD5B8E44}.Debug|Win32.ActiveCfg = Debug|Win32
		{AD2CF155-7B5E-40CE-BD45-7E95CD5B8E44}.Debug|Win32.Build.0 = Debug|Win32
		{AD2CF155-7B5E-40CE-BD45-7E95CD5B8E44}.Release|Win32.ActiveCfg = Release|Win32
		{AD2CF155-7B5E-40CE-BD45-7E95CD5B8E44}.Release|Win32.Build.0 = Release|Win32
		{8AC7DB00-CA42-4C05-AB4B-53B3B4EC76D9}.Debug|Win32.ActiveCfg = Debug|Win32
		{8AC7DB00-CA42-4C05-AB4B-53B3B4EC76D9}.Debug|Win32.Build.0 = Debug|Win32
		{8AC7DB00-CA42-4C05-AB4B-53B3B4EC76D9}.Release|Win32.ActiveCfg = Release|Win32
		{8AC7DB00-CA42-4C05-AB4B-53B3B4EC76D9}.Release|Win32.Build.0 = Release|Win32
		{700722AA-61F7-4211-816B-48C32A9B8DD6}.Debug|Win32.ActiveCfg = Debug|Win32
		{700722AA-61F7-4211-816B-48C32A9B8DD6}.Debug|Win32.Build.0 = Debug|Win32
		{700722AA-61F7-4211-816B-48C32A9B8DD6}.Release|Win32.ActiveCfg = Release|Win32
		{700722AA-61F7-4211-816B-48C32A9B8DD6}.Release|Win32.Build.0 = Release|Win32
	EndGlobalSection
	GlobalSection(SolutionProperties) = preSolution
		HideSolutionNode = FALSE
	EndGlobalSection
EndGlobal
