
Microsoft Visual Studio Solution File, Format Version 12.00
# Visual Studio 2012
Project("{8BC9CEB8-8B4A-11D0-8D11-00A0C91BC942}") = "3_2", "3_2\3_2.vcxproj", "{90BE46C2-1BF1-4329-9B20-2F4FE38865B0}"
EndProject
Project("{8BC9CEB8-8B4A-11D0-8D11-00A0C91BC942}") = "3_4", "3_4\3_4.vcxproj", "{5400B8C9-F4C2-45E8-B2FA-2F477D7153CC}"
EndProject
Project("{8BC9CEB8-8B4A-11D0-8D11-00A0C91BC942}") = "3_6", "3_6\3_6.vcxproj", "{C1253064-0B94-4AC7-A229-FCD8F10D3B66}"
EndProject
Project("{8BC9CEB8-8B4A-11D0-8D11-00A0C91BC942}") = "3_10", "3_10\3_10.vcxproj", "{5D1DB324-19AB-486C-81DD-23C656972541}"
EndProject
Project("{8BC9CEB8-8B4A-11D0-8D11-00A0C91BC942}") = "3_14", "3_14\3_14.vcxproj", "{A6AD17F7-95D9-4FA5-91B5-7B61D411BFF5}"
EndProject
Project("{8BC9CEB8-8B4A-11D0-8D11-00A0C91BC942}") = "3_17", "3_17\3_17.vcxproj", "{4296CF64-3027-424F-A97C-823CDB30D8A5}"
EndProject
Project("{8BC9CEB8-8B4A-11D0-8D11-00A0C91BC942}") = "3_20", "3_20\3_20.vcxproj", "{BF3A7CAA-8FE5-440B-997A-FD576ED9B9CE}"
EndProject
Project("{8BC9CEB8-8B4A-11D0-8D11-00A0C91BC942}") = "3_23", "3_23\3_23.vcxproj", "{5BE97201-5784-4918-806F-728DDFD8C710}"
EndProject
Project("{8BC9CEB8-8B4A-11D0-8D11-00A0C91BC942}") = "3_24", "3_24\3_24.vcxproj", "{D66AC825-A6A9-41FC-8B00-6470AD4FF13E}"
EndProject
Project("{8BC9CEB8-8B4A-11D0-8D11-00A0C91BC942}") = "3_25", "3_25\3_25.vcxproj", "{73C0D0D4-534F-4036-8F6F-4EC5697961C5}"
EndProject
Global
	GlobalSection(SolutionConfigurationPlatforms) = preSolution
		Debug|Win32 = Debug|Win32
		Release|Win32 = Release|Win32
	EndGlobalSection
	GlobalSection(ProjectConfigurationPlatforms) = postSolution
		{90BE46C2-1BF1-4329-9B20-2F4FE38865B0}.Debug|Win32.ActiveCfg = Debug|Win32
		{90BE46C2-1BF1-4329-9B20-2F4FE38865B0}.Debug|Win32.Build.0 = Debug|Win32
		{90BE46C2-1BF1-4329-9B20-2F4FE38865B0}.Release|Win32.ActiveCfg = Release|Win32
		{90BE46C2-1BF1-4329-9B20-2F4FE38865B0}.Release|Win32.Build.0 = Release|Win32
		{5400B8C9-F4C2-45E8-B2FA-2F477D7153CC}.Debug|Win32.ActiveCfg = Debug|Win32
		{5400B8C9-F4C2-45E8-B2FA-2F477D7153CC}.Debug|Win32.Build.0 = Debug|Win32
		{5400B8C9-F4C2-45E8-B2FA-2F477D7153CC}.Release|Win32.ActiveCfg = Release|Win32
		{5400B8C9-F4C2-45E8-B2FA-2F477D7153CC}.Release|Win32.Build.0 = Release|Win32
		{C1253064-0B94-4AC7-A229-FCD8F10D3B66}.Debug|Win32.ActiveCfg = Debug|Win32
		{C1253064-0B94-4AC7-A229-FCD8F10D3B66}.Debug|Win32.Build.0 = Debug|Win32
		{C1253064-0B94-4AC7-A229-FCD8F10D3B66}.Release|Win32.ActiveCfg = Release|Win32
		{C1253064-0B94-4AC7-A229-FCD8F10D3B66}.Release|Win32.Build.0 = Release|Win32
		{5D1DB324-19AB-486C-81DD-23C656972541}.Debug|Win32.ActiveCfg = Debug|Win32
		{5D1DB324-19AB-486C-81DD-23C656972541}.Debug|Win32.Build.0 = Debug|Win32
		{5D1DB324-19AB-486C-81DD-23C656972541}.Release|Win32.ActiveCfg = Release|Win32
		{5D1DB324-19AB-486C-81DD-23C656972541}.Release|Win32.Build.0 = Release|Win32
		{A6AD17F7-95D9-4FA5-91B5-7B61D411BFF5}.Debug|Win32.ActiveCfg = Debug|Win32
		{A6AD17F7-95D9-4FA5-91B5-7B61D411BFF5}.Debug|Win32.Build.0 = Debug|Win32
		{A6AD17F7-95D9-4FA5-91B5-7B61D411BFF5}.Release|Win32.ActiveCfg = Release|Win32
		{A6AD17F7-95D9-4FA5-91B5-7B61D411BFF5}.Release|Win32.Build.0 = Release|Win32
		{4296CF64-3027-424F-A97C-823CDB30D8A5}.Debug|Win32.ActiveCfg = Debug|Win32
		{4296CF64-3027-424F-A97C-823CDB30D8A5}.Debug|Win32.Build.0 = Debug|Win32
		{4296CF64-3027-424F-A97C-823CDB30D8A5}.Release|Win32.ActiveCfg = Release|Win32
		{4296CF64-3027-424F-A97C-823CDB30D8A5}.Release|Win32.Build.0 = Release|Win32
		{BF3A7CAA-8FE5-440B-997A-FD576ED9B9CE}.Debug|Win32.ActiveCfg = Debug|Win32
		{BF3A7CAA-8FE5-440B-997A-FD576ED9B9CE}.Debug|Win32.Build.0 = Debug|Win32
		{BF3A7CAA-8FE5-440B-997A-FD576ED9B9CE}.Release|Win32.ActiveCfg = Release|Win32
		{BF3A7CAA-8FE5-440B-997A-FD576ED9B9CE}.Release|Win32.Build.0 = Release|Win32
		{5BE97201-5784-4918-806F-728DDFD8C710}.Debug|Win32.ActiveCfg = Debug|Win32
		{5BE97201-5784-4918-806F-728DDFD8C710}.Debug|Win32.Build.0 = Debug|Win32
		{5BE97201-5784-4918-806F-728DDFD8C710}.Release|Win32.ActiveCfg = Release|Win32
		{5BE97201-5784-4918-806F-728DDFD8C710}.Release|Win32.Build.0 = Release|Win32
		{D66AC825-A6A9-41FC-8B00-6470AD4FF13E}.Debug|Win32.ActiveCfg = Debug|Win32
		{D66AC825-A6A9-41FC-8B00-6470AD4FF13E}.Debug|Win32.Build.0 = Debug|Win32
		{D66AC825-A6A9-41FC-8B00-6470AD4FF13E}.Release|Win32.ActiveCfg = Release|Win32
		{D66AC825-A6A9-41FC-8B00-6470AD4FF13E}.Release|Win32.Build.0 = Release|Win32
		{73C0D0D4-534F-4036-8F6F-4EC5697961C5}.Debug|Win32.ActiveCfg = Debug|Win32
		{73C0D0D4-534F-4036-8F6F-4EC5697961C5}.Debug|Win32.Build.0 = Debug|Win32
		{73C0D0D4-534F-4036-8F6F-4EC5697961C5}.Release|Win32.ActiveCfg = Release|Win32
		{73C0D0D4-534F-4036-8F6F-4EC5697961C5}.Release|Win32.Build.0 = Release|Win32
	EndGlobalSection
	GlobalSection(SolutionProperties) = preSolution
		HideSolutionNode = FALSE
	EndGlobalSection
EndGlobal
