
Microsoft Visual Studio Solution File, Format Version 12.00
# Visual Studio 2013
VisualStudioVersion = 12.0.31101.0
MinimumVisualStudioVersion = 10.0.40219.1
Project("{8BC9CEB8-8B4A-11D0-8D11-00A0C91BC942}") = "15_03", "15_03\15_03.vcxproj", "{64E148D9-C4D8-4723-802E-497A0A07A033}"
EndProject
Project("{8BC9CEB8-8B4A-11D0-8D11-00A0C91BC942}") = "15_05", "15_05\15_05.vcxproj", "{2FEA88FF-7D90-4890-83BC-89D11B4B152C}"
EndProject
Project("{8BC9CEB8-8B4A-11D0-8D11-00A0C91BC942}") = "15_15", "15_15\15_15.vcxproj", "{249B95FD-5591-4EE7-891A-F19B86999752}"
EndProject
Global
	GlobalSection(SolutionConfigurationPlatforms) = preSolution
		Debug|Win32 = Debug|Win32
		Release|Win32 = Release|Win32
	EndGlobalSection
	GlobalSection(ProjectConfigurationPlatforms) = postSolution
		{64E148D9-C4D8-4723-802E-497A0A07A033}.Debug|Win32.ActiveCfg = Debug|Win32
		{64E148D9-C4D8-4723-802E-497A0A07A033}.Debug|Win32.Build.0 = Debug|Win32
		{64E148D9-C4D8-4723-802E-497A0A07A033}.Release|Win32.ActiveCfg = Release|Win32
		{64E148D9-C4D8-4723-802E-497A0A07A033}.Release|Win32.Build.0 = Release|Win32
		{2FEA88FF-7D90-4890-83BC-89D11B4B152C}.Debug|Win32.ActiveCfg = Debug|Win32
		{2FEA88FF-7D90-4890-83BC-89D11B4B152C}.Debug|Win32.Build.0 = Debug|Win32
		{2FEA88FF-7D90-4890-83BC-89D11B4B152C}.Release|Win32.ActiveCfg = Release|Win32
		{2FEA88FF-7D90-4890-83BC-89D11B4B152C}.Release|Win32.Build.0 = Release|Win32
		{249B95FD-5591-4EE7-891A-F19B86999752}.Debug|Win32.ActiveCfg = Debug|Win32
		{249B95FD-5591-4EE7-891A-F19B86999752}.Debug|Win32.Build.0 = Debug|Win32
		{249B95FD-5591-4EE7-891A-F19B86999752}.Release|Win32.ActiveCfg = Release|Win32
		{249B95FD-5591-4EE7-891A-F19B86999752}.Release|Win32.Build.0 = Release|Win32
	EndGlobalSection
	GlobalSection(SolutionProperties) = preSolution
		HideSolutionNode = FALSE
	EndGlobalSection
EndGlobal
