
Microsoft Visual Studio Solution File, Format Version 12.00
# Visual Studio 2012
Project("{8BC9CEB8-8B4A-11D0-8D11-00A0C91BC942}") = "10_01", "10_01\10_01.vcxproj", "{2555AC03-7EC4-4F49-AC1A-B48F29C6C72D}"
EndProject
Project("{8BC9CEB8-8B4A-11D0-8D11-00A0C91BC942}") = "10_02", "10_02\10_02.vcxproj", "{0E5F8BFA-B38B-4E09-82EF-7AD17255D932}"
EndProject
Project("{8BC9CEB8-8B4A-11D0-8D11-00A0C91BC942}") = "10_03", "10_03\10_03.vcxproj", "{AF837809-6636-492C-A542-8EA3811B3C3C}"
EndProject
Project("{8BC9CEB8-8B4A-11D0-8D11-00A0C91BC942}") = "10_06", "10_06\10_06.vcxproj", "{9A3A5936-B5E5-433C-8E7A-186DE86ABEBC}"
EndProject
Project("{8BC9CEB8-8B4A-11D0-8D11-00A0C91BC942}") = "10_09", "10_09\10_09.vcxproj", "{87FBC814-7D9F-4269-A7EA-EA1DAB154A05}"
EndProject
Project("{8BC9CEB8-8B4A-11D0-8D11-00A0C91BC942}") = "10_11", "10_11\10_11.vcxproj", "{2177B76A-0729-4857-B190-75A3D47CC22F}"
EndProject
Project("{8BC9CEB8-8B4A-11D0-8D11-00A0C91BC942}") = "10_13", "10_13\10_13.vcxproj", "{5B632032-8436-4147-8C19-4E30085B8D65}"
EndProject
Project("{8BC9CEB8-8B4A-11D0-8D11-00A0C91BC942}") = "10_14", "10_14\10_14.vcxproj", "{5C9336CC-4393-4D95-BCA0-CB0F168F9880}"
EndProject
Project("{8BC9CEB8-8B4A-11D0-8D11-00A0C91BC942}") = "10_15", "10_15\10_15.vcxproj", "{894A29BB-5056-44E8-8D90-BD3EEAB76C88}"
EndProject
Project("{8BC9CEB8-8B4A-11D0-8D11-00A0C91BC942}") = "10_16", "10_16\10_16.vcxproj", "{82645734-6736-4887-855C-A20C9D63F0A6}"
EndProject
Project("{8BC9CEB8-8B4A-11D0-8D11-00A0C91BC942}") = "10_20", "10_20\10_20.vcxproj", "{E2F2EFD4-FF45-4B6D-B9C2-4476F36CFC7F}"
EndProject
Project("{8BC9CEB8-8B4A-11D0-8D11-00A0C91BC942}") = "10_22", "10_22\10_22.vcxproj", "{6B174166-43E1-4E38-831A-D382109C879C}"
EndProject
Project("{8BC9CEB8-8B4A-11D0-8D11-00A0C91BC942}") = "10_27", "10_27\10_27.vcxproj", "{2049E89E-79E9-43C1-82E3-63E5AAC64102}"
EndProject
Project("{8BC9CEB8-8B4A-11D0-8D11-00A0C91BC942}") = "10_28", "10_28\10_28.vcxproj", "{D1E252E4-1772-4CC9-BBDD-142981BC8CC8}"
EndProject
Project("{8BC9CEB8-8B4A-11D0-8D11-00A0C91BC942}") = "10_29", "10_29\10_29.vcxproj", "{71D6700D-1F8B-4DF9-B3B4-9F790B425814}"
EndProject
Project("{8BC9CEB8-8B4A-11D0-8D11-00A0C91BC942}") = "10_30", "10_30\10_30.vcxproj", "{83477959-C9A4-43BD-A2FF-11B8A0168B30}"
EndProject
Project("{8BC9CEB8-8B4A-11D0-8D11-00A0C91BC942}") = "10_31", "10_31\10_31.vcxproj", "{73D4801C-BEB7-4636-947A-EBD717DC893E}"
EndProject
Project("{8BC9CEB8-8B4A-11D0-8D11-00A0C91BC942}") = "10_33", "10_33\10_33.vcxproj", "{2BE439CF-EE88-4D92-A33B-602FD9690C8B}"
EndProject
Project("{8BC9CEB8-8B4A-11D0-8D11-00A0C91BC942}") = "10_34", "10_34\10_34.vcxproj", "{F3CF0771-6946-4341-A987-E0560C7BED16}"
EndProject
Project("{8BC9CEB8-8B4A-11D0-8D11-00A0C91BC942}") = "10_36", "10_36\10_36.vcxproj", "{8E758C96-2E4C-4461-B92D-DCE37875414C}"
EndProject
Project("{8BC9CEB8-8B4A-11D0-8D11-00A0C91BC942}") = "10_37", "10_37\10_37.vcxproj", "{4956DCF7-54A0-4701-BDB3-6A9353D14C8B}"
EndProject
Project("{8BC9CEB8-8B4A-11D0-8D11-00A0C91BC942}") = "10_42", "10_42\10_42.vcxproj", "{7ACB20E2-F375-416D-A6FF-FAB7765D2201}"
EndProject
Global
	GlobalSection(SolutionConfigurationPlatforms) = preSolution
		Debug|Win32 = Debug|Win32
		Release|Win32 = Release|Win32
	EndGlobalSection
	GlobalSection(ProjectConfigurationPlatforms) = postSolution
		{2555AC03-7EC4-4F49-AC1A-B48F29C6C72D}.Debug|Win32.ActiveCfg = Debug|Win32
		{2555AC03-7EC4-4F49-AC1A-B48F29C6C72D}.Debug|Win32.Build.0 = Debug|Win32
		{2555AC03-7EC4-4F49-AC1A-B48F29C6C72D}.Release|Win32.ActiveCfg = Release|Win32
		{2555AC03-7EC4-4F49-AC1A-B48F29C6C72D}.Release|Win32.Build.0 = Release|Win32
		{0E5F8BFA-B38B-4E09-82EF-7AD17255D932}.Debug|Win32.ActiveCfg = Debug|Win32
		{0E5F8BFA-B38B-4E09-82EF-7AD17255D932}.Debug|Win32.Build.0 = Debug|Win32
		{0E5F8BFA-B38B-4E09-82EF-7AD17255D932}.Release|Win32.ActiveCfg = Release|Win32
		{0E5F8BFA-B38B-4E09-82EF-7AD17255D932}.Release|Win32.Build.0 = Release|Win32
		{AF837809-6636-492C-A542-8EA3811B3C3C}.Debug|Win32.ActiveCfg = Debug|Win32
		{AF837809-6636-492C-A542-8EA3811B3C3C}.Debug|Win32.Build.0 = Debug|Win32
		{AF837809-6636-492C-A542-8EA3811B3C3C}.Release|Win32.ActiveCfg = Release|Win32
		{AF837809-6636-492C-A542-8EA3811B3C3C}.Release|Win32.Build.0 = Release|Win32
		{9A3A5936-B5E5-433C-8E7A-186DE86ABEBC}.Debug|Win32.ActiveCfg = Debug|Win32
		{9A3A5936-B5E5-433C-8E7A-186DE86ABEBC}.Debug|Win32.Build.0 = Debug|Win32
		{9A3A5936-B5E5-433C-8E7A-186DE86ABEBC}.Release|Win32.ActiveCfg = Release|Win32
		{9A3A5936-B5E5-433C-8E7A-186DE86ABEBC}.Release|Win32.Build.0 = Release|Win32
		{87FBC814-7D9F-4269-A7EA-EA1DAB154A05}.Debug|Win32.ActiveCfg = Debug|Win32
		{87FBC814-7D9F-4269-A7EA-EA1DAB154A05}.Debug|Win32.Build.0 = Debug|Win32
		{87FBC814-7D9F-4269-A7EA-EA1DAB154A05}.Release|Win32.ActiveCfg = Release|Win32
		{87FBC814-7D9F-4269-A7EA-EA1DAB154A05}.Release|Win32.Build.0 = Release|Win32
		{2177B76A-0729-4857-B190-75A3D47CC22F}.Debug|Win32.ActiveCfg = Debug|Win32
		{2177B76A-0729-4857-B190-75A3D47CC22F}.Debug|Win32.Build.0 = Debug|Win32
		{2177B76A-0729-4857-B190-75A3D47CC22F}.Release|Win32.ActiveCfg = Release|Win32
		{2177B76A-0729-4857-B190-75A3D47CC22F}.Release|Win32.Build.0 = Release|Win32
		{5B632032-8436-4147-8C19-4E30085B8D65}.Debug|Win32.ActiveCfg = Debug|Win32
		{5B632032-8436-4147-8C19-4E30085B8D65}.Debug|Win32.Build.0 = Debug|Win32
		{5B632032-8436-4147-8C19-4E30085B8D65}.Release|Win32.ActiveCfg = Release|Win32
		{5B632032-8436-4147-8C19-4E30085B8D65}.Release|Win32.Build.0 = Release|Win32
		{5C9336CC-4393-4D95-BCA0-CB0F168F9880}.Debug|Win32.ActiveCfg = Debug|Win32
		{5C9336CC-4393-4D95-BCA0-CB0F168F9880}.Debug|Win32.Build.0 = Debug|Win32
		{5C9336CC-4393-4D95-BCA0-CB0F168F9880}.Release|Win32.ActiveCfg = Release|Win32
		{5C9336CC-4393-4D95-BCA0-CB0F168F9880}.Release|Win32.Build.0 = Release|Win32
		{894A29BB-5056-44E8-8D90-BD3EEAB76C88}.Debug|Win32.ActiveCfg = Debug|Win32
		{894A29BB-5056-44E8-8D90-BD3EEAB76C88}.Debug|Win32.Build.0 = Debug|Win32
		{894A29BB-5056-44E8-8D90-BD3EEAB76C88}.Release|Win32.ActiveCfg = Release|Win32
		{894A29BB-5056-44E8-8D90-BD3EEAB76C88}.Release|Win32.Build.0 = Release|Win32
		{82645734-6736-4887-855C-A20C9D63F0A6}.Debug|Win32.ActiveCfg = Debug|Win32
		{82645734-6736-4887-855C-A20C9D63F0A6}.Debug|Win32.Build.0 = Debug|Win32
		{82645734-6736-4887-855C-A20C9D63F0A6}.Release|Win32.ActiveCfg = Release|Win32
		{82645734-6736-4887-855C-A20C9D63F0A6}.Release|Win32.Build.0 = Release|Win32
		{E2F2EFD4-FF45-4B6D-B9C2-4476F36CFC7F}.Debug|Win32.ActiveCfg = Debug|Win32
		{E2F2EFD4-FF45-4B6D-B9C2-4476F36CFC7F}.Debug|Win32.Build.0 = Debug|Win32
		{E2F2EFD4-FF45-4B6D-B9C2-4476F36CFC7F}.Release|Win32.ActiveCfg = Release|Win32
		{E2F2EFD4-FF45-4B6D-B9C2-4476F36CFC7F}.Release|Win32.Build.0 = Release|Win32
		{6B174166-43E1-4E38-831A-D382109C879C}.Debug|Win32.ActiveCfg = Debug|Win32
		{6B174166-43E1-4E38-831A-D382109C879C}.Debug|Win32.Build.0 = Debug|Win32
		{6B174166-43E1-4E38-831A-D382109C879C}.Release|Win32.ActiveCfg = Release|Win32
		{6B174166-43E1-4E38-831A-D382109C879C}.Release|Win32.Build.0 = Release|Win32
		{2049E89E-79E9-43C1-82E3-63E5AAC64102}.Debug|Win32.ActiveCfg = Debug|Win32
		{2049E89E-79E9-43C1-82E3-63E5AAC64102}.Debug|Win32.Build.0 = Debug|Win32
		{2049E89E-79E9-43C1-82E3-63E5AAC64102}.Release|Win32.ActiveCfg = Release|Win32
		{2049E89E-79E9-43C1-82E3-63E5AAC64102}.Release|Win32.Build.0 = Release|Win32
		{D1E252E4-1772-4CC9-BBDD-142981BC8CC8}.Debug|Win32.ActiveCfg = Debug|Win32
		{D1E252E4-1772-4CC9-BBDD-142981BC8CC8}.Debug|Win32.Build.0 = Debug|Win32
		{D1E252E4-1772-4CC9-BBDD-142981BC8CC8}.Release|Win32.ActiveCfg = Release|Win32
		{D1E252E4-1772-4CC9-BBDD-142981BC8CC8}.Release|Win32.Build.0 = Release|Win32
		{71D6700D-1F8B-4DF9-B3B4-9F790B425814}.Debug|Win32.ActiveCfg = Debug|Win32
		{71D6700D-1F8B-4DF9-B3B4-9F790B425814}.Debug|Win32.Build.0 = Debug|Win32
		{71D6700D-1F8B-4DF9-B3B4-9F790B425814}.Release|Win32.ActiveCfg = Release|Win32
		{71D6700D-1F8B-4DF9-B3B4-9F790B425814}.Release|Win32.Build.0 = Release|Win32
		{83477959-C9A4-43BD-A2FF-11B8A0168B30}.Debug|Win32.ActiveCfg = Debug|Win32
		{83477959-C9A4-43BD-A2FF-11B8A0168B30}.Debug|Win32.Build.0 = Debug|Win32
		{83477959-C9A4-43BD-A2FF-11B8A0168B30}.Release|Win32.ActiveCfg = Release|Win32
		{83477959-C9A4-43BD-A2FF-11B8A0168B30}.Release|Win32.Build.0 = Release|Win32
		{73D4801C-BEB7-4636-947A-EBD717DC893E}.Debug|Win32.ActiveCfg = Debug|Win32
		{73D4801C-BEB7-4636-947A-EBD717DC893E}.Debug|Win32.Build.0 = Debug|Win32
		{73D4801C-BEB7-4636-947A-EBD717DC893E}.Release|Win32.ActiveCfg = Release|Win32
		{73D4801C-BEB7-4636-947A-EBD717DC893E}.Release|Win32.Build.0 = Release|Win32
		{2BE439CF-EE88-4D92-A33B-602FD9690C8B}.Debug|Win32.ActiveCfg = Debug|Win32
		{2BE439CF-EE88-4D92-A33B-602FD9690C8B}.Debug|Win32.Build.0 = Debug|Win32
		{2BE439CF-EE88-4D92-A33B-602FD9690C8B}.Release|Win32.ActiveCfg = Release|Win32
		{2BE439CF-EE88-4D92-A33B-602FD9690C8B}.Release|Win32.Build.0 = Release|Win32
		{F3CF0771-6946-4341-A987-E0560C7BED16}.Debug|Win32.ActiveCfg = Debug|Win32
		{F3CF0771-6946-4341-A987-E0560C7BED16}.Debug|Win32.Build.0 = Debug|Win32
		{F3CF0771-6946-4341-A987-E0560C7BED16}.Release|Win32.ActiveCfg = Release|Win32
		{F3CF0771-6946-4341-A987-E0560C7BED16}.Release|Win32.Build.0 = Release|Win32
		{8E758C96-2E4C-4461-B92D-DCE37875414C}.Debug|Win32.ActiveCfg = Debug|Win32
		{8E758C96-2E4C-4461-B92D-DCE37875414C}.Debug|Win32.Build.0 = Debug|Win32
		{8E758C96-2E4C-4461-B92D-DCE37875414C}.Release|Win32.ActiveCfg = Release|Win32
		{8E758C96-2E4C-4461-B92D-DCE37875414C}.Release|Win32.Build.0 = Release|Win32
		{4956DCF7-54A0-4701-BDB3-6A9353D14C8B}.Debug|Win32.ActiveCfg = Debug|Win32
		{4956DCF7-54A0-4701-BDB3-6A9353D14C8B}.Debug|Win32.Build.0 = Debug|Win32
		{4956DCF7-54A0-4701-BDB3-6A9353D14C8B}.Release|Win32.ActiveCfg = Release|Win32
		{4956DCF7-54A0-4701-BDB3-6A9353D14C8B}.Release|Win32.Build.0 = Release|Win32
		{7ACB20E2-F375-416D-A6FF-FAB7765D2201}.Debug|Win32.ActiveCfg = Debug|Win32
		{7ACB20E2-F375-416D-A6FF-FAB7765D2201}.Debug|Win32.Build.0 = Debug|Win32
		{7ACB20E2-F375-416D-A6FF-FAB7765D2201}.Release|Win32.ActiveCfg = Release|Win32
		{7ACB20E2-F375-416D-A6FF-FAB7765D2201}.Release|Win32.Build.0 = Release|Win32
	EndGlobalSection
	GlobalSection(SolutionProperties) = preSolution
		HideSolutionNode = FALSE
	EndGlobalSection
EndGlobal
