
Microsoft Visual Studio Solution File, Format Version 12.00
# Visual Studio 2012
Project("{8BC9CEB8-8B4A-11D0-8D11-00A0C91BC942}") = "11_03", "11_03\11_03.vcxproj", "{37053FC0-29A9-41B8-B984-0ED4C5D5995E}"
EndProject
Project("{8BC9CEB8-8B4A-11D0-8D11-00A0C91BC942}") = "11_04", "11_04\11_04.vcxproj", "{72C9D6EF-28D6-44D5-AED9-338E4F5CAA08}"
EndProject
Project("{8BC9CEB8-8B4A-11D0-8D11-00A0C91BC942}") = "11_09", "11_09\11_09.vcxproj", "{4EC79CD6-E8E8-4195-B288-ED6C58DB44F4}"
EndProject
Project("{8BC9CEB8-8B4A-11D0-8D11-00A0C91BC942}") = "11_07", "11_07\11_07.vcxproj", "{331EAFB8-A665-4787-9D70-CA8CFDA9185F}"
EndProject
Project("{8BC9CEB8-8B4A-11D0-8D11-00A0C91BC942}") = "11_12", "11_12\11_12.vcxproj", "{28735656-A2C2-456E-A7A1-B34F1B776D30}"
EndProject
Project("{8BC9CEB8-8B4A-11D0-8D11-00A0C91BC942}") = "11_13", "11_13\11_13.vcxproj", "{CE7CF038-7800-4126-A125-9C939450E217}"
EndProject
Project("{8BC9CEB8-8B4A-11D0-8D11-00A0C91BC942}") = "11_14", "11_14\11_14.vcxproj", "{B1C5E555-647B-4C95-B6AB-BA034439C757}"
EndProject
Project("{8BC9CEB8-8B4A-11D0-8D11-00A0C91BC942}") = "11_22", "11_22\11_22.vcxproj", "{C83AC9C0-2D4C-495B-A466-B808B22AE710}"
EndProject
Project("{8BC9CEB8-8B4A-11D0-8D11-00A0C91BC942}") = "11_28", "11_28\11_28.vcxproj", "{04206813-3100-4485-97B8-D5132854DC39}"
EndProject
Project("{8BC9CEB8-8B4A-11D0-8D11-00A0C91BC942}") = "11_31", "11_31\11_31.vcxproj", "{1221A23D-86EF-4545-8F6F-92929A904330}"
EndProject
Project("{8BC9CEB8-8B4A-11D0-8D11-00A0C91BC942}") = "11_33", "11_33\11_33.vcxproj", "{53E872FF-6676-4240-AC19-0E7C1F9804D1}"
EndProject
Global
	GlobalSection(SolutionConfigurationPlatforms) = preSolution
		Debug|Win32 = Debug|Win32
		Release|Win32 = Release|Win32
	EndGlobalSection
	GlobalSection(ProjectConfigurationPlatforms) = postSolution
		{37053FC0-29A9-41B8-B984-0ED4C5D5995E}.Debug|Win32.ActiveCfg = Debug|Win32
		{37053FC0-29A9-41B8-B984-0ED4C5D5995E}.Debug|Win32.Build.0 = Debug|Win32
		{37053FC0-29A9-41B8-B984-0ED4C5D5995E}.Release|Win32.ActiveCfg = Release|Win32
		{37053FC0-29A9-41B8-B984-0ED4C5D5995E}.Release|Win32.Build.0 = Release|Win32
		{72C9D6EF-28D6-44D5-AED9-338E4F5CAA08}.Debug|Win32.ActiveCfg = Debug|Win32
		{72C9D6EF-28D6-44D5-AED9-338E4F5CAA08}.Debug|Win32.Build.0 = Debug|Win32
		{72C9D6EF-28D6-44D5-AED9-338E4F5CAA08}.Release|Win32.ActiveCfg = Release|Win32
		{72C9D6EF-28D6-44D5-AED9-338E4F5CAA08}.Release|Win32.Build.0 = Release|Win32
		{4EC79CD6-E8E8-4195-B288-ED6C58DB44F4}.Debug|Win32.ActiveCfg = Debug|Win32
		{4EC79CD6-E8E8-4195-B288-ED6C58DB44F4}.Debug|Win32.Build.0 = Debug|Win32
		{4EC79CD6-E8E8-4195-B288-ED6C58DB44F4}.Release|Win32.ActiveCfg = Release|Win32
		{4EC79CD6-E8E8-4195-B288-ED6C58DB44F4}.Release|Win32.Build.0 = Release|Win32
		{331EAFB8-A665-4787-9D70-CA8CFDA9185F}.Debug|Win32.ActiveCfg = Debug|Win32
		{331EAFB8-A665-4787-9D70-CA8CFDA9185F}.Debug|Win32.Build.0 = Debug|Win32
		{331EAFB8-A665-4787-9D70-CA8CFDA9185F}.Release|Win32.ActiveCfg = Release|Win32
		{331EAFB8-A665-4787-9D70-CA8CFDA9185F}.Release|Win32.Build.0 = Release|Win32
		{28735656-A2C2-456E-A7A1-B34F1B776D30}.Debug|Win32.ActiveCfg = Debug|Win32
		{28735656-A2C2-456E-A7A1-B34F1B776D30}.Debug|Win32.Build.0 = Debug|Win32
		{28735656-A2C2-456E-A7A1-B34F1B776D30}.Release|Win32.ActiveCfg = Release|Win32
		{28735656-A2C2-456E-A7A1-B34F1B776D30}.Release|Win32.Build.0 = Release|Win32
		{CE7CF038-7800-4126-A125-9C939450E217}.Debug|Win32.ActiveCfg = Debug|Win32
		{CE7CF038-7800-4126-A125-9C939450E217}.Debug|Win32.Build.0 = Debug|Win32
		{CE7CF038-7800-4126-A125-9C939450E217}.Release|Win32.ActiveCfg = Release|Win32
		{CE7CF038-7800-4126-A125-9C939450E217}.Release|Win32.Build.0 = Release|Win32
		{B1C5E555-647B-4C95-B6AB-BA034439C757}.Debug|Win32.ActiveCfg = Debug|Win32
		{B1C5E555-647B-4C95-B6AB-BA034439C757}.Debug|Win32.Build.0 = Debug|Win32
		{B1C5E555-647B-4C95-B6AB-BA034439C757}.Release|Win32.ActiveCfg = Release|Win32
		{B1C5E555-647B-4C95-B6AB-BA034439C757}.Release|Win32.Build.0 = Release|Win32
		{C83AC9C0-2D4C-495B-A466-B808B22AE710}.Debug|Win32.ActiveCfg = Debug|Win32
		{C83AC9C0-2D4C-495B-A466-B808B22AE710}.Debug|Win32.Build.0 = Debug|Win32
		{C83AC9C0-2D4C-495B-A466-B808B22AE710}.Release|Win32.ActiveCfg = Release|Win32
		{C83AC9C0-2D4C-495B-A466-B808B22AE710}.Release|Win32.Build.0 = Release|Win32
		{04206813-3100-4485-97B8-D5132854DC39}.Debug|Win32.ActiveCfg = Debug|Win32
		{04206813-3100-4485-97B8-D5132854DC39}.Debug|Win32.Build.0 = Debug|Win32
		{04206813-3100-4485-97B8-D5132854DC39}.Release|Win32.ActiveCfg = Release|Win32
		{04206813-3100-4485-97B8-D5132854DC39}.Release|Win32.Build.0 = Release|Win32
		{1221A23D-86EF-4545-8F6F-92929A904330}.Debug|Win32.ActiveCfg = Debug|Win32
		{1221A23D-86EF-4545-8F6F-92929A904330}.Debug|Win32.Build.0 = Debug|Win32
		{1221A23D-86EF-4545-8F6F-92929A904330}.Release|Win32.ActiveCfg = Release|Win32
		{1221A23D-86EF-4545-8F6F-92929A904330}.Release|Win32.Build.0 = Release|Win32
		{53E872FF-6676-4240-AC19-0E7C1F9804D1}.Debug|Win32.ActiveCfg = Debug|Win32
		{53E872FF-6676-4240-AC19-0E7C1F9804D1}.Debug|Win32.Build.0 = Debug|Win32
		{53E872FF-6676-4240-AC19-0E7C1F9804D1}.Release|Win32.ActiveCfg = Release|Win32
		{53E872FF-6676-4240-AC19-0E7C1F9804D1}.Release|Win32.Build.0 = Release|Win32
	EndGlobalSection
	GlobalSection(SolutionProperties) = preSolution
		HideSolutionNode = FALSE
	EndGlobalSection
EndGlobal
